
Microsoft Visual Studio Solution File, Format Version 12.00
# Visual Studio Version 17
VisualStudioVersion = 17.1.32407.343
MinimumVisualStudioVersion = 10.0.40219.1
Project("{FAE04EC0-301F-11D3-BF4B-00C04F79EFBC}") = "ce100-hw5-algo-lib-cs", "ce100-hw5-algo-lib-cs\ce100-hw5-algo-lib-cs.csproj", "{55ABBEF6-060F-4E7F-B426-FC3F0C2F02CD}"
EndProject
Project("{FAE04EC0-301F-11D3-BF4B-00C04F79EFBC}") = "ce100-hw5-algo-test-cs", "ce100-hw5-algo-test-cs\ce100-hw5-algo-test-cs.csproj", "{B4E0A7DE-625E-47D1-B76E-A46B8E0FB44A}"
EndProject
Global
	GlobalSection(SolutionConfigurationPlatforms) = preSolution
		Debug|Any CPU = Debug|Any CPU
		Release|Any CPU = Release|Any CPU
	EndGlobalSection
	GlobalSection(ProjectConfigurationPlatforms) = postSolution
		{55ABBEF6-060F-4E7F-B426-FC3F0C2F02CD}.Debug|Any CPU.ActiveCfg = Debug|Any CPU
		{55ABBEF6-060F-4E7F-B426-FC3F0C2F02CD}.Debug|Any CPU.Build.0 = Debug|Any CPU
		{55ABBEF6-060F-4E7F-B426-FC3F0C2F02CD}.Release|Any CPU.ActiveCfg = Release|Any CPU
		{55ABBEF6-060F-4E7F-B426-FC3F0C2F02CD}.Release|Any CPU.Build.0 = Release|Any CPU
		{B4E0A7DE-625E-47D1-B76E-A46B8E0FB44A}.Debug|Any CPU.ActiveCfg = Debug|Any CPU
		{B4E0A7DE-625E-47D1-B76E-A46B8E0FB44A}.Debug|Any CPU.Build.0 = Debug|Any CPU
		{B4E0A7DE-625E-47D1-B76E-A46B8E0FB44A}.Release|Any CPU.ActiveCfg = Release|Any CPU
		{B4E0A7DE-625E-47D1-B76E-A46B8E0FB44A}.Release|Any CPU.Build.0 = Release|Any CPU
	EndGlobalSection
	GlobalSection(SolutionProperties) = preSolution
		HideSolutionNode = FALSE
	EndGlobalSection
	GlobalSection(ExtensibilityGlobals) = postSolution
		SolutionGuid = {F5ECCC63-BA1C-4089-BED1-2A5B939564D1}
	EndGlobalSection
EndGlobal
